
Microsoft Visual Studio Solution File, Format Version 12.00
# Visual Studio Version 17
VisualStudioVersion = 17.0.31919.166
MinimumVisualStudioVersion = 10.0.40219.1
Project("{2150E333-8FDC-42A3-9474-1A3956D46DE8}") = "MovieService", "MovieService", "{BEB9D1F5-BF21-4E11-87AE-FEEBEC4B93FB}"
EndProject
Project("{9A19103F-16F7-4668-BE54-9A1E7A4F7556}") = "Services.Movie.Api", "MovieService\Services.Movie.Api\Services.Movie.Api.csproj", "{594BF529-A87E-454E-9676-37F317824201}"
EndProject
Project("{9A19103F-16F7-4668-BE54-9A1E7A4F7556}") = "Services.Movie.Data", "MovieService\Services.Movie.Data\Services.Movie.Data.csproj", "{A1CBDEF3-5A8F-4F0F-9AA5-7BC434D10137}"
EndProject
Project("{9A19103F-16F7-4668-BE54-9A1E7A4F7556}") = "Services.Movie.Model", "MovieService\Services.Movie.Model\Services.Movie.Model.csproj", "{01FF2859-A0E3-4E08-97FF-3B6C27FBBD5B}"
EndProject
Project("{9A19103F-16F7-4668-BE54-9A1E7A4F7556}") = "Services.Movie.Repositories", "MovieService\Services.Movie.Repositories\Services.Movie.Repositories.csproj", "{713F71B5-7001-4F26-B145-09F6F2BB0E24}"
EndProject
Project("{2150E333-8FDC-42A3-9474-1A3956D46DE8}") = "Shared", "Shared", "{4A75C97F-318D-4805-A470-7877D0AD84DF}"
EndProject
Project("{9A19103F-16F7-4668-BE54-9A1E7A4F7556}") = "Services.Shared.Models", "Shared\Services.Shared.Models\Services.Shared.Models.csproj", "{47DCCFB7-D151-42E2-AA14-F39A1744E3E5}"
EndProject
Project("{9A19103F-16F7-4668-BE54-9A1E7A4F7556}") = "Services.Shared.Data", "Shared\Services.Shared.Data\Services.Shared.Data.csproj", "{DEDA8CB9-6429-423E-8A2F-41365C3F1C82}"
EndProject
Project("{9A19103F-16F7-4668-BE54-9A1E7A4F7556}") = "Services.Shared.Dictionaries", "Shared\Services.Shared.Dictionaries\Services.Shared.Dictionaries.csproj", "{5B447259-1047-406F-9FDA-67C7BE8F757B}"
EndProject
Project("{2150E333-8FDC-42A3-9474-1A3956D46DE8}") = "AuthenticationService", "AuthenticationService", "{C5E8B75C-23E5-4555-8BA8-C319C33C6794}"
EndProject
Project("{9A19103F-16F7-4668-BE54-9A1E7A4F7556}") = "Services.Authentication.Api", "AuthenticationService\Services.Authentication.Api\Services.Authentication.Api.csproj", "{B5B2DC06-68C8-477B-ACBE-72338084EAF6}"
EndProject
Project("{9A19103F-16F7-4668-BE54-9A1E7A4F7556}") = "Services.Authentication.Client", "AuthenticationService\Services.Authentication.Client\Services.Authentication.Client.csproj", "{4408C1A1-179A-4AC4-B329-1B8D4BDC4F56}"
EndProject
Project("{9A19103F-16F7-4668-BE54-9A1E7A4F7556}") = "Services.Authentication.Data", "AuthenticationService\Services.Authentication.Data\Services.Authentication.Data.csproj", "{ABB25DA8-EBC4-4C8B-9F2C-DA9498A91EA0}"
EndProject
Project("{9A19103F-16F7-4668-BE54-9A1E7A4F7556}") = "Services.Authentication.Model", "AuthenticationService\Services.Authentication.Model\Services.Authentication.Model.csproj", "{46F02722-B720-49C5-9FC4-32B5813E8C4C}"
EndProject
Project("{9A19103F-16F7-4668-BE54-9A1E7A4F7556}") = "Services.Shared.Client", "Shared\Services.Shared.Client\Services.Shared.Client.csproj", "{33E5E82F-C3CD-4F19-BFBE-97D947C706F6}"
EndProject
Project("{9A19103F-16F7-4668-BE54-9A1E7A4F7556}") = "Services.Shared.Authentication.Helper", "Shared\Services.Shared.Authentication.Helper\Services.Shared.Authentication.Helper.csproj", "{25D3E4AA-49A8-421E-978B-AF7B0E2A538C}"
EndProject
Project("{9A19103F-16F7-4668-BE54-9A1E7A4F7556}") = "Services.Shared.Authentication", "Shared\Services.Shared.Authentication\Services.Shared.Authentication.csproj", "{7B38E1D3-E7F0-4129-A071-DDE7EED7F77B}"
EndProject
Project("{2150E333-8FDC-42A3-9474-1A3956D46DE8}") = "EmailService", "EmailService", "{8157CE83-B76C-4097-9A2D-ECFFD52C64B4}"
EndProject
Project("{9A19103F-16F7-4668-BE54-9A1E7A4F7556}") = "Services.Email.Api", "EmailService\Services.Email.Api\Services.Email.Api.csproj", "{FA84FB0E-B5BD-483B-A6F8-FF02FD3153FD}"
EndProject
Project("{9A19103F-16F7-4668-BE54-9A1E7A4F7556}") = "Services.Email.Data", "EmailService\Services.Email.Data\Services.Email.Data.csproj", "{952F9096-B0C9-49E1-9C55-D0A5C7281F94}"
EndProject
Project("{9A19103F-16F7-4668-BE54-9A1E7A4F7556}") = "Services.Email.EventBus", "EmailService\Services.Email.EventBus\Services.Email.EventBus.csproj", "{C4D57DA2-E5BD-4549-B331-19E51D97714E}"
EndProject
Project("{9A19103F-16F7-4668-BE54-9A1E7A4F7556}") = "Services.Email.Model", "EmailService\Services.Email.Model\Services.Email.Model.csproj", "{843C544E-C4E8-4688-8E1D-6BAD159E63A7}"
EndProject
Project("{9A19103F-16F7-4668-BE54-9A1E7A4F7556}") = "Services.Email.Repositories", "EmailService\Services.Email.Repositories\Services.Email.Repositories.csproj", "{75D296B8-536D-4947-A351-4A19EC3F7031}"
EndProject
Project("{9A19103F-16F7-4668-BE54-9A1E7A4F7556}") = "Services.Email.Services", "EmailService\Services.Email.Services\Services.Email.Services.csproj", "{D6DA5ED6-31E6-4C04-8754-1CB816E2FFE7}"
EndProject
Project("{9A19103F-16F7-4668-BE54-9A1E7A4F7556}") = "Services.Shared.EventBus", "Shared\Services.Shared.EventBus\Services.Shared.EventBus.csproj", "{4D738C6F-4B80-4695-959F-4A096C933C00}"
EndProject
Project("{9A19103F-16F7-4668-BE54-9A1E7A4F7556}") = "Services.Movie.Client", "MovieService\Services.Movie.Client\Services.Movie.Client.csproj", "{35724144-EB5D-4ED6-96A9-6B3D163F45FD}"
EndProject
Project("{9A19103F-16F7-4668-BE54-9A1E7A4F7556}") = "Services.Shared.Authentication.Client", "Shared\Services.Shared.Authentication.Client\Services.Shared.Authentication.Client.csproj", "{B3C72ECB-B9DB-4B6C-91EB-5C90B58EEC30}"
EndProject
Project("{E53339B2-1760-4266-BCC7-CA923CBCF16C}") = "docker-compose", "docker-compose.dcproj", "{D7F66B1F-D5DB-4437-A337-C4B09E4B2134}"
EndProject
Global
	GlobalSection(SolutionConfigurationPlatforms) = preSolution
		Debug|Any CPU = Debug|Any CPU
		Release|Any CPU = Release|Any CPU
	EndGlobalSection
	GlobalSection(ProjectConfigurationPlatforms) = postSolution
		{594BF529-A87E-454E-9676-37F317824201}.Debug|Any CPU.ActiveCfg = Debug|Any CPU
		{594BF529-A87E-454E-9676-37F317824201}.Debug|Any CPU.Build.0 = Debug|Any CPU
		{594BF529-A87E-454E-9676-37F317824201}.Release|Any CPU.ActiveCfg = Release|Any CPU
		{594BF529-A87E-454E-9676-37F317824201}.Release|Any CPU.Build.0 = Release|Any CPU
		{A1CBDEF3-5A8F-4F0F-9AA5-7BC434D10137}.Debug|Any CPU.ActiveCfg = Debug|Any CPU
		{A1CBDEF3-5A8F-4F0F-9AA5-7BC434D10137}.Debug|Any CPU.Build.0 = Debug|Any CPU
		{A1CBDEF3-5A8F-4F0F-9AA5-7BC434D10137}.Release|Any CPU.ActiveCfg = Release|Any CPU
		{A1CBDEF3-5A8F-4F0F-9AA5-7BC434D10137}.Release|Any CPU.Build.0 = Release|Any CPU
		{01FF2859-A0E3-4E08-97FF-3B6C27FBBD5B}.Debug|Any CPU.ActiveCfg = Debug|Any CPU
		{01FF2859-A0E3-4E08-97FF-3B6C27FBBD5B}.Debug|Any CPU.Build.0 = Debug|Any CPU
		{01FF2859-A0E3-4E08-97FF-3B6C27FBBD5B}.Release|Any CPU.ActiveCfg = Release|Any CPU
		{01FF2859-A0E3-4E08-97FF-3B6C27FBBD5B}.Release|Any CPU.Build.0 = Release|Any CPU
		{713F71B5-7001-4F26-B145-09F6F2BB0E24}.Debug|Any CPU.ActiveCfg = Debug|Any CPU
		{713F71B5-7001-4F26-B145-09F6F2BB0E24}.Debug|Any CPU.Build.0 = Debug|Any CPU
		{713F71B5-7001-4F26-B145-09F6F2BB0E24}.Release|Any CPU.ActiveCfg = Release|Any CPU
		{713F71B5-7001-4F26-B145-09F6F2BB0E24}.Release|Any CPU.Build.0 = Release|Any CPU
		{47DCCFB7-D151-42E2-AA14-F39A1744E3E5}.Debug|Any CPU.ActiveCfg = Debug|Any CPU
		{47DCCFB7-D151-42E2-AA14-F39A1744E3E5}.Debug|Any CPU.Build.0 = Debug|Any CPU
		{47DCCFB7-D151-42E2-AA14-F39A1744E3E5}.Release|Any CPU.ActiveCfg = Release|Any CPU
		{47DCCFB7-D151-42E2-AA14-F39A1744E3E5}.Release|Any CPU.Build.0 = Release|Any CPU
		{DEDA8CB9-6429-423E-8A2F-41365C3F1C82}.Debug|Any CPU.ActiveCfg = Debug|Any CPU
		{DEDA8CB9-6429-423E-8A2F-41365C3F1C82}.Debug|Any CPU.Build.0 = Debug|Any CPU
		{DEDA8CB9-6429-423E-8A2F-41365C3F1C82}.Release|Any CPU.ActiveCfg = Release|Any CPU
		{DEDA8CB9-6429-423E-8A2F-41365C3F1C82}.Release|Any CPU.Build.0 = Release|Any CPU
		{5B447259-1047-406F-9FDA-67C7BE8F757B}.Debug|Any CPU.ActiveCfg = Debug|Any CPU
		{5B447259-1047-406F-9FDA-67C7BE8F757B}.Debug|Any CPU.Build.0 = Debug|Any CPU
		{5B447259-1047-406F-9FDA-67C7BE8F757B}.Release|Any CPU.ActiveCfg = Release|Any CPU
		{5B447259-1047-406F-9FDA-67C7BE8F757B}.Release|Any CPU.Build.0 = Release|Any CPU
		{B5B2DC06-68C8-477B-ACBE-72338084EAF6}.Debug|Any CPU.ActiveCfg = Debug|Any CPU
		{B5B2DC06-68C8-477B-ACBE-72338084EAF6}.Debug|Any CPU.Build.0 = Debug|Any CPU
		{B5B2DC06-68C8-477B-ACBE-72338084EAF6}.Release|Any CPU.ActiveCfg = Release|Any CPU
		{B5B2DC06-68C8-477B-ACBE-72338084EAF6}.Release|Any CPU.Build.0 = Release|Any CPU
		{4408C1A1-179A-4AC4-B329-1B8D4BDC4F56}.Debug|Any CPU.ActiveCfg = Debug|Any CPU
		{4408C1A1-179A-4AC4-B329-1B8D4BDC4F56}.Debug|Any CPU.Build.0 = Debug|Any CPU
		{4408C1A1-179A-4AC4-B329-1B8D4BDC4F56}.Release|Any CPU.ActiveCfg = Release|Any CPU
		{4408C1A1-179A-4AC4-B329-1B8D4BDC4F56}.Release|Any CPU.Build.0 = Release|Any CPU
		{ABB25DA8-EBC4-4C8B-9F2C-DA9498A91EA0}.Debug|Any CPU.ActiveCfg = Debug|Any CPU
		{ABB25DA8-EBC4-4C8B-9F2C-DA9498A91EA0}.Debug|Any CPU.Build.0 = Debug|Any CPU
		{ABB25DA8-EBC4-4C8B-9F2C-DA9498A91EA0}.Release|Any CPU.ActiveCfg = Release|Any CPU
		{ABB25DA8-EBC4-4C8B-9F2C-DA9498A91EA0}.Release|Any CPU.Build.0 = Release|Any CPU
		{46F02722-B720-49C5-9FC4-32B5813E8C4C}.Debug|Any CPU.ActiveCfg = Debug|Any CPU
		{46F02722-B720-49C5-9FC4-32B5813E8C4C}.Debug|Any CPU.Build.0 = Debug|Any CPU
		{46F02722-B720-49C5-9FC4-32B5813E8C4C}.Release|Any CPU.ActiveCfg = Release|Any CPU
		{46F02722-B720-49C5-9FC4-32B5813E8C4C}.Release|Any CPU.Build.0 = Release|Any CPU
		{33E5E82F-C3CD-4F19-BFBE-97D947C706F6}.Debug|Any CPU.ActiveCfg = Debug|Any CPU
		{33E5E82F-C3CD-4F19-BFBE-97D947C706F6}.Debug|Any CPU.Build.0 = Debug|Any CPU
		{33E5E82F-C3CD-4F19-BFBE-97D947C706F6}.Release|Any CPU.ActiveCfg = Release|Any CPU
		{33E5E82F-C3CD-4F19-BFBE-97D947C706F6}.Release|Any CPU.Build.0 = Release|Any CPU
		{25D3E4AA-49A8-421E-978B-AF7B0E2A538C}.Debug|Any CPU.ActiveCfg = Debug|Any CPU
		{25D3E4AA-49A8-421E-978B-AF7B0E2A538C}.Debug|Any CPU.Build.0 = Debug|Any CPU
		{25D3E4AA-49A8-421E-978B-AF7B0E2A538C}.Release|Any CPU.ActiveCfg = Release|Any CPU
		{25D3E4AA-49A8-421E-978B-AF7B0E2A538C}.Release|Any CPU.Build.0 = Release|Any CPU
		{7B38E1D3-E7F0-4129-A071-DDE7EED7F77B}.Debug|Any CPU.ActiveCfg = Debug|Any CPU
		{7B38E1D3-E7F0-4129-A071-DDE7EED7F77B}.Debug|Any CPU.Build.0 = Debug|Any CPU
		{7B38E1D3-E7F0-4129-A071-DDE7EED7F77B}.Release|Any CPU.ActiveCfg = Release|Any CPU
		{7B38E1D3-E7F0-4129-A071-DDE7EED7F77B}.Release|Any CPU.Build.0 = Release|Any CPU
		{FA84FB0E-B5BD-483B-A6F8-FF02FD3153FD}.Debug|Any CPU.ActiveCfg = Debug|Any CPU
		{FA84FB0E-B5BD-483B-A6F8-FF02FD3153FD}.Debug|Any CPU.Build.0 = Debug|Any CPU
		{FA84FB0E-B5BD-483B-A6F8-FF02FD3153FD}.Release|Any CPU.ActiveCfg = Release|Any CPU
		{FA84FB0E-B5BD-483B-A6F8-FF02FD3153FD}.Release|Any CPU.Build.0 = Release|Any CPU
		{952F9096-B0C9-49E1-9C55-D0A5C7281F94}.Debug|Any CPU.ActiveCfg = Debug|Any CPU
		{952F9096-B0C9-49E1-9C55-D0A5C7281F94}.Debug|Any CPU.Build.0 = Debug|Any CPU
		{952F9096-B0C9-49E1-9C55-D0A5C7281F94}.Release|Any CPU.ActiveCfg = Release|Any CPU
		{952F9096-B0C9-49E1-9C55-D0A5C7281F94}.Release|Any CPU.Build.0 = Release|Any CPU
		{C4D57DA2-E5BD-4549-B331-19E51D97714E}.Debug|Any CPU.ActiveCfg = Debug|Any CPU
		{C4D57DA2-E5BD-4549-B331-19E51D97714E}.Debug|Any CPU.Build.0 = Debug|Any CPU
		{C4D57DA2-E5BD-4549-B331-19E51D97714E}.Release|Any CPU.ActiveCfg = Release|Any CPU
		{C4D57DA2-E5BD-4549-B331-19E51D97714E}.Release|Any CPU.Build.0 = Release|Any CPU
		{843C544E-C4E8-4688-8E1D-6BAD159E63A7}.Debug|Any CPU.ActiveCfg = Debug|Any CPU
		{843C544E-C4E8-4688-8E1D-6BAD159E63A7}.Debug|Any CPU.Build.0 = Debug|Any CPU
		{843C544E-C4E8-4688-8E1D-6BAD159E63A7}.Release|Any CPU.ActiveCfg = Release|Any CPU
		{843C544E-C4E8-4688-8E1D-6BAD159E63A7}.Release|Any CPU.Build.0 = Release|Any CPU
		{75D296B8-536D-4947-A351-4A19EC3F7031}.Debug|Any CPU.ActiveCfg = Debug|Any CPU
		{75D296B8-536D-4947-A351-4A19EC3F7031}.Debug|Any CPU.Build.0 = Debug|Any CPU
		{75D296B8-536D-4947-A351-4A19EC3F7031}.Release|Any CPU.ActiveCfg = Release|Any CPU
		{75D296B8-536D-4947-A351-4A19EC3F7031}.Release|Any CPU.Build.0 = Release|Any CPU
		{D6DA5ED6-31E6-4C04-8754-1CB816E2FFE7}.Debug|Any CPU.ActiveCfg = Debug|Any CPU
		{D6DA5ED6-31E6-4C04-8754-1CB816E2FFE7}.Debug|Any CPU.Build.0 = Debug|Any CPU
		{D6DA5ED6-31E6-4C04-8754-1CB816E2FFE7}.Release|Any CPU.ActiveCfg = Release|Any CPU
		{D6DA5ED6-31E6-4C04-8754-1CB816E2FFE7}.Release|Any CPU.Build.0 = Release|Any CPU
		{4D738C6F-4B80-4695-959F-4A096C933C00}.Debug|Any CPU.ActiveCfg = Debug|Any CPU
		{4D738C6F-4B80-4695-959F-4A096C933C00}.Debug|Any CPU.Build.0 = Debug|Any CPU
		{4D738C6F-4B80-4695-959F-4A096C933C00}.Release|Any CPU.ActiveCfg = Release|Any CPU
		{4D738C6F-4B80-4695-959F-4A096C933C00}.Release|Any CPU.Build.0 = Release|Any CPU
		{35724144-EB5D-4ED6-96A9-6B3D163F45FD}.Debug|Any CPU.ActiveCfg = Debug|Any CPU
		{35724144-EB5D-4ED6-96A9-6B3D163F45FD}.Debug|Any CPU.Build.0 = Debug|Any CPU
		{35724144-EB5D-4ED6-96A9-6B3D163F45FD}.Release|Any CPU.ActiveCfg = Release|Any CPU
		{35724144-EB5D-4ED6-96A9-6B3D163F45FD}.Release|Any CPU.Build.0 = Release|Any CPU
		{B3C72ECB-B9DB-4B6C-91EB-5C90B58EEC30}.Debug|Any CPU.ActiveCfg = Debug|Any CPU
		{B3C72ECB-B9DB-4B6C-91EB-5C90B58EEC30}.Debug|Any CPU.Build.0 = Debug|Any CPU
		{B3C72ECB-B9DB-4B6C-91EB-5C90B58EEC30}.Release|Any CPU.ActiveCfg = Release|Any CPU
		{B3C72ECB-B9DB-4B6C-91EB-5C90B58EEC30}.Release|Any CPU.Build.0 = Release|Any CPU
		{D7F66B1F-D5DB-4437-A337-C4B09E4B2134}.Debug|Any CPU.ActiveCfg = Debug|Any CPU
		{D7F66B1F-D5DB-4437-A337-C4B09E4B2134}.Debug|Any CPU.Build.0 = Debug|Any CPU
		{D7F66B1F-D5DB-4437-A337-C4B09E4B2134}.Release|Any CPU.ActiveCfg = Release|Any CPU
		{D7F66B1F-D5DB-4437-A337-C4B09E4B2134}.Release|Any CPU.Build.0 = Release|Any CPU
	EndGlobalSection
	GlobalSection(SolutionProperties) = preSolution
		HideSolutionNode = FALSE
	EndGlobalSection
	GlobalSection(NestedProjects) = preSolution
		{594BF529-A87E-454E-9676-37F317824201} = {BEB9D1F5-BF21-4E11-87AE-FEEBEC4B93FB}
		{A1CBDEF3-5A8F-4F0F-9AA5-7BC434D10137} = {BEB9D1F5-BF21-4E11-87AE-FEEBEC4B93FB}
		{01FF2859-A0E3-4E08-97FF-3B6C27FBBD5B} = {BEB9D1F5-BF21-4E11-87AE-FEEBEC4B93FB}
		{713F71B5-7001-4F26-B145-09F6F2BB0E24} = {BEB9D1F5-BF21-4E11-87AE-FEEBEC4B93FB}
		{47DCCFB7-D151-42E2-AA14-F39A1744E3E5} = {4A75C97F-318D-4805-A470-7877D0AD84DF}
		{DEDA8CB9-6429-423E-8A2F-41365C3F1C82} = {4A75C97F-318D-4805-A470-7877D0AD84DF}
		{5B447259-1047-406F-9FDA-67C7BE8F757B} = {4A75C97F-318D-4805-A470-7877D0AD84DF}
		{B5B2DC06-68C8-477B-ACBE-72338084EAF6} = {C5E8B75C-23E5-4555-8BA8-C319C33C6794}
		{4408C1A1-179A-4AC4-B329-1B8D4BDC4F56} = {C5E8B75C-23E5-4555-8BA8-C319C33C6794}
		{ABB25DA8-EBC4-4C8B-9F2C-DA9498A91EA0} = {C5E8B75C-23E5-4555-8BA8-C319C33C6794}
		{46F02722-B720-49C5-9FC4-32B5813E8C4C} = {C5E8B75C-23E5-4555-8BA8-C319C33C6794}
		{33E5E82F-C3CD-4F19-BFBE-97D947C706F6} = {4A75C97F-318D-4805-A470-7877D0AD84DF}
		{25D3E4AA-49A8-421E-978B-AF7B0E2A538C} = {4A75C97F-318D-4805-A470-7877D0AD84DF}
		{7B38E1D3-E7F0-4129-A071-DDE7EED7F77B} = {4A75C97F-318D-4805-A470-7877D0AD84DF}
		{FA84FB0E-B5BD-483B-A6F8-FF02FD3153FD} = {8157CE83-B76C-4097-9A2D-ECFFD52C64B4}
		{952F9096-B0C9-49E1-9C55-D0A5C7281F94} = {8157CE83-B76C-4097-9A2D-ECFFD52C64B4}
		{C4D57DA2-E5BD-4549-B331-19E51D97714E} = {8157CE83-B76C-4097-9A2D-ECFFD52C64B4}
		{843C544E-C4E8-4688-8E1D-6BAD159E63A7} = {8157CE83-B76C-4097-9A2D-ECFFD52C64B4}
		{75D296B8-536D-4947-A351-4A19EC3F7031} = {8157CE83-B76C-4097-9A2D-ECFFD52C64B4}
		{D6DA5ED6-31E6-4C04-8754-1CB816E2FFE7} = {8157CE83-B76C-4097-9A2D-ECFFD52C64B4}
		{4D738C6F-4B80-4695-959F-4A096C933C00} = {4A75C97F-318D-4805-A470-7877D0AD84DF}
		{35724144-EB5D-4ED6-96A9-6B3D163F45FD} = {BEB9D1F5-BF21-4E11-87AE-FEEBEC4B93FB}
		{B3C72ECB-B9DB-4B6C-91EB-5C90B58EEC30} = {4A75C97F-318D-4805-A470-7877D0AD84DF}
	EndGlobalSection
	GlobalSection(ExtensibilityGlobals) = postSolution
		SolutionGuid = {F9377726-4980-4A58-AFC2-F30FB94E595E}
	EndGlobalSection
EndGlobal
